{
  "name": "up-mini-vue",
  "version": "1.0.0",
  "lockfileVersion": 2,
  "requires": true,
  "packages": {
    "": {
      "version": "1.0.0",
      "license": "ISC",
      "dependencies": {
        "@vue/reactivity": "^3.1.5"
      }
    },
    "node_modules/@vue/reactivity": {
      "version": "3.1.5",
      "resolved": "https://registry.nlark.com/@vue/reactivity/download/@vue/reactivity-3.1.5.tgz",
      "integrity": "sha1-2+xNlVf3yPJcJjXbHiOninKeuZE=",
      "dependencies": {
        "@vue/shared": "3.1.5"
      }
    },
    "node_modules/@vue/shared": {
      "version": "3.1.5",
      "resolved": "https://registry.nlark.com/@vue/shared/download/@vue/shared-3.1.5.tgz?cache=0&sync_timestamp=1627579339188&other_urls=https%3A%2F%2Fregistry.nlark.com%2F%40vue%2Fshared%2Fdownload%2F%40vue%2Fshared-3.1.5.tgz",
      "integrity": "sha1-dO46rZldCjmWpruVM9TSgFFO3gM="
    }
  },
  "dependencies": {
    "@vue/reactivity": {
      "version": "3.1.5",
      "resolved": "https://registry.nlark.com/@vue/reactivity/download/@vue/reactivity-3.1.5.tgz",
      "integrity": "sha1-2+xNlVf3yPJcJjXbHiOninKeuZE=",
      "requires": {
        "@vue/shared": "3.1.5"
      }
    },
    "@vue/shared": {
      "version": "3.1.5",
      "resolved": "https://registry.nlark.com/@vue/shared/download/@vue/shared-3.1.5.tgz?cache=0&sync_timestamp=1627579339188&other_urls=https%3A%2F%2Fregistry.nlark.com%2F%40vue%2Fshared%2Fdownload%2F%40vue%2Fshared-3.1.5.tgz",
      "integrity": "sha1-dO46rZldCjmWpruVM9TSgFFO3gM="
    }
  }
}
