{
  "requires": true,
  "lockfileVersion": 1,
  "dependencies": {
    "hug_demo_test_npm_test_hua": {
      "version": "1.0.0",
      "resolved": "https://registry.npmjs.org/hug_demo_test_npm_test_hua/-/hug_demo_test_npm_test_hua-1.0.0.tgz",
      "integrity": "sha512-MUPSdA3ZzMBniCcRqdCgLMC1r0nM0nsn/PrlTXbGtB62fIluAsKnWDo0XKokRsv0wDcd+QPtX+vXQeIcaRlBZw=="
    }
  }
}
